// !$*UTF8*$!
{
	archiveVersion = 1;
	classes = {
	};
	objectVersion = 50;
	objects = {

/* Begin PBXBuildFile section */
		798F034525EE85D700C6E8C4 /* QuoteCard.swift in Sources */ = {isa = PBXBuildFile; fileRef = 798F034425EE85D700C6E8C4 /* QuoteCard.swift */; };
		798F034825EE9BFD00C6E8C4 /* QuoteModel.swift in Sources */ = {isa = PBXBuildFile; fileRef = 798F034725EE9BFD00C6E8C4 /* QuoteModel.swift */; };
		798F034B25EE9CD100C6E8C4 /* DataService.swift in Sources */ = {isa = PBXBuildFile; fileRef = 798F034A25EE9CD100C6E8C4 /* DataService.swift */; };
		798F035325EEACFF00C6E8C4 /* QuoteDetail.swift in Sources */ = {isa = PBXBuildFile; fileRef = 798F035225EEACFF00C6E8C4 /* QuoteDetail.swift */; };
		79DC452525EE65CB007D0208 /* Quotes_AppApp.swift in Sources */ = {isa = PBXBuildFile; fileRef = 79DC452425EE65CB007D0208 /* Quotes_AppApp.swift */; };
		79DC452725EE65CB007D0208 /* Quotes.swift in Sources */ = {isa = PBXBuildFile; fileRef = 79DC452625EE65CB007D0208 /* Quotes.swift */; };
		79DC452925EE65CD007D0208 /* Assets.xcassets in Resources */ = {isa = PBXBuildFile; fileRef = 79DC452825EE65CD007D0208 /* Assets.xcassets */; };
		79DC452C25EE65CD007D0208 /* Preview Assets.xcassets in Resources */ = {isa = PBXBuildFile; fileRef = 79DC452B25EE65CD007D0208 /* Preview Assets.xcassets */; };
		79DC453A25EE673B007D0208 /* quotes.json in Resources */ = {isa = PBXBuildFile; fileRef = 79DC453925EE673B007D0208 /* quotes.json */; };
		79DC453D25EE69CF007D0208 /* Quote.swift in Sources */ = {isa = PBXBuildFile; fileRef = 79DC453C25EE69CF007D0208 /* Quote.swift */; };
/* End PBXBuildFile section */

/* Begin PBXFileReference section */
		798F034425EE85D700C6E8C4 /* QuoteCard.swift */ = {isa = PBXFileReference; lastKnownFileType = sourcecode.swift; path = QuoteCard.swift; sourceTree = "<group>"; };
		798F034725EE9BFD00C6E8C4 /* QuoteModel.swift */ = {isa = PBXFileReference; lastKnownFileType = sourcecode.swift; path = QuoteModel.swift; sourceTree = "<group>"; };
		798F034A25EE9CD100C6E8C4 /* DataService.swift */ = {isa = PBXFileReference; lastKnownFileType = sourcecode.swift; path = DataService.swift; sourceTree = "<group>"; };
		798F035225EEACFF00C6E8C4 /* QuoteDetail.swift */ = {isa = PBXFileReference; lastKnownFileType = sourcecode.swift; path = QuoteDetail.swift; sourceTree = "<group>"; };
		79DC452125EE65CB007D0208 /* Quotes App.app */ = {isa = PBXFileReference; explicitFileType = wrapper.application; includeInIndex = 0; path = "Quotes App.app"; sourceTree = BUILT_PRODUCTS_DIR; };
		79DC452425EE65CB007D0208 /* Quotes_AppApp.swift */ = {isa = PBXFileReference; lastKnownFileType = sourcecode.swift; path = Quotes_AppApp.swift; sourceTree = "<group>"; };
		79DC452625EE65CB007D0208 /* Quotes.swift */ = {isa = PBXFileReference; lastKnownFileType = sourcecode.swift; path = Quotes.swift; sourceTree = "<group>"; };
		79DC452825EE65CD007D0208 /* Assets.xcassets */ = {isa = PBXFileReference; lastKnownFileType = folder.assetcatalog; path = Assets.xcassets; sourceTree = "<group>"; };
		79DC452B25EE65CD007D0208 /* Preview Assets.xcassets */ = {isa = PBXFileReference; lastKnownFileType = folder.assetcatalog; path = "Preview Assets.xcassets"; sourceTree = "<group>"; };
		79DC452D25EE65CD007D0208 /* Info.plist */ = {isa = PBXFileReference; lastKnownFileType = text.plist.xml; path = Info.plist; sourceTree = "<group>"; };
		79DC453925EE673B007D0208 /* quotes.json */ = {isa = PBXFileReference; lastKnownFileType = text.json; path = quotes.json; sourceTree = "<group>"; };
		79DC453C25EE69CF007D0208 /* Quote.swift */ = {isa = PBXFileReference; lastKnownFileType = sourcecode.swift; path = Quote.swift; sourceTree = "<group>"; };
/* End PBXFileReference section */

/* Begin PBXFrameworksBuildPhase section */
		79DC451E25EE65CB007D0208 /* Frameworks */ = {
			isa = PBXFrameworksBuildPhase;
			buildActionMask = 2147483647;
			files = (
			);
			runOnlyForDeploymentPostprocessing = 0;
		};
/* End PBXFrameworksBuildPhase section */

/* Begin PBXGroup section */
		79DC451825EE65CB007D0208 = {
			isa = PBXGroup;
			children = (
				79DC452325EE65CB007D0208 /* Quotes App */,
				79DC452225EE65CB007D0208 /* Products */,
			);
			sourceTree = "<group>";
		};
		79DC452225EE65CB007D0208 /* Products */ = {
			isa = PBXGroup;
			children = (
				79DC452125EE65CB007D0208 /* Quotes App.app */,
			);
			name = Products;
			sourceTree = "<group>";
		};
		79DC452325EE65CB007D0208 /* Quotes App */ = {
			isa = PBXGroup;
			children = (
				79DC452425EE65CB007D0208 /* Quotes_AppApp.swift */,
				79DC453625EE65ED007D0208 /* Views */,
				79DC453725EE65F3007D0208 /* ViewModel */,
				79DC453525EE65E1007D0208 /* Model */,
				79DC453425EE65D7007D0208 /* Data */,
				79DC452825EE65CD007D0208 /* Assets.xcassets */,
				79DC452D25EE65CD007D0208 /* Info.plist */,
				79DC452A25EE65CD007D0208 /* Preview Content */,
			);
			path = "Quotes App";
			sourceTree = "<group>";
		};
		79DC452A25EE65CD007D0208 /* Preview Content */ = {
			isa = PBXGroup;
			children = (
				79DC452B25EE65CD007D0208 /* Preview Assets.xcassets */,
			);
			path = "Preview Content";
			sourceTree = "<group>";
		};
		79DC453425EE65D7007D0208 /* Data */ = {
			isa = PBXGroup;
			children = (
				798F034A25EE9CD100C6E8C4 /* DataService.swift */,
				79DC453925EE673B007D0208 /* quotes.json */,
			);
			path = Data;
			sourceTree = "<group>";
		};
		79DC453525EE65E1007D0208 /* Model */ = {
			isa = PBXGroup;
			children = (
				79DC453C25EE69CF007D0208 /* Quote.swift */,
			);
			path = Model;
			sourceTree = "<group>";
		};
		79DC453625EE65ED007D0208 /* Views */ = {
			isa = PBXGroup;
			children = (
				79DC452625EE65CB007D0208 /* Quotes.swift */,
				798F034425EE85D700C6E8C4 /* QuoteCard.swift */,
				798F035225EEACFF00C6E8C4 /* QuoteDetail.swift */,
			);
			path = Views;
			sourceTree = "<group>";
		};
		79DC453725EE65F3007D0208 /* ViewModel */ = {
			isa = PBXGroup;
			children = (
				798F034725EE9BFD00C6E8C4 /* QuoteModel.swift */,
			);
			path = ViewModel;
			sourceTree = "<group>";
		};
/* End PBXGroup section */

/* Begin PBXNativeTarget section */
		79DC452025EE65CB007D0208 /* Quotes App */ = {
			isa = PBXNativeTarget;
			buildConfigurationList = 79DC453025EE65CD007D0208 /* Build configuration list for PBXNativeTarget "Quotes App" */;
			buildPhases = (
				79DC451D25EE65CB007D0208 /* Sources */,
				79DC451E25EE65CB007D0208 /* Frameworks */,
				79DC451F25EE65CB007D0208 /* Resources */,
			);
			buildRules = (
			);
			dependencies = (
			);
			name = "Quotes App";
			productName = "Quotes App";
			productReference = 79DC452125EE65CB007D0208 /* Quotes App.app */;
			productType = "com.apple.product-type.application";
		};
/* End PBXNativeTarget section */

/* Begin PBXProject section */
		79DC451925EE65CB007D0208 /* Project object */ = {
			isa = PBXProject;
			attributes = {
				LastSwiftUpdateCheck = 1240;
				LastUpgradeCheck = 1240;
				TargetAttributes = {
					79DC452025EE65CB007D0208 = {
						CreatedOnToolsVersion = 12.4;
					};
				};
			};
			buildConfigurationList = 79DC451C25EE65CB007D0208 /* Build configuration list for PBXProject "Quotes App" */;
			compatibilityVersion = "Xcode 9.3";
			developmentRegion = en;
			hasScannedForEncodings = 0;
			knownRegions = (
				en,
				Base,
			);
			mainGroup = 79DC451825EE65CB007D0208;
			productRefGroup = 79DC452225EE65CB007D0208 /* Products */;
			projectDirPath = "";
			projectRoot = "";
			targets = (
				79DC452025EE65CB007D0208 /* Quotes App */,
			);
		};
/* End PBXProject section */

/* Begin PBXResourcesBuildPhase section */
		79DC451F25EE65CB007D0208 /* Resources */ = {
			isa = PBXResourcesBuildPhase;
			buildActionMask = 2147483647;
			files = (
				79DC452C25EE65CD007D0208 /* Preview Assets.xcassets in Resources */,
				79DC452925EE65CD007D0208 /* Assets.xcassets in Resources */,
				79DC453A25EE673B007D0208 /* quotes.json in Resources */,
			);
			runOnlyForDeploymentPostprocessing = 0;
		};
/* End PBXResourcesBuildPhase section */

/* Begin PBXSourcesBuildPhase section */
		79DC451D25EE65CB007D0208 /* Sources */ = {
			isa = PBXSourcesBuildPhase;
			buildActionMask = 2147483647;
			files = (
				798F034825EE9BFD00C6E8C4 /* QuoteModel.swift in Sources */,
				79DC452725EE65CB007D0208 /* Quotes.swift in Sources */,
				79DC453D25EE69CF007D0208 /* Quote.swift in Sources */,
				798F034B25EE9CD100C6E8C4 /* DataService.swift in Sources */,
				798F035325EEACFF00C6E8C4 /* QuoteDetail.swift in Sources */,
				798F034525EE85D700C6E8C4 /* QuoteCard.swift in Sources */,
				79DC452525EE65CB007D0208 /* Quotes_AppApp.swift in Sources */,
			);
			runOnlyForDeploymentPostprocessing = 0;
		};
/* End PBXSourcesBuildPhase section */

/* Begin XCBuildConfiguration section */
		79DC452E25EE65CD007D0208 /* Debug */ = {
			isa = XCBuildConfiguration;
			buildSettings = {
				ALWAYS_SEARCH_USER_PATHS = NO;
				CLANG_ANALYZER_NONNULL = YES;
				CLANG_ANALYZER_NUMBER_OBJECT_CONVERSION = YES_AGGRESSIVE;
				CLANG_CXX_LANGUAGE_STANDARD = "gnu++14";
				CLANG_CXX_LIBRARY = "libc++";
				CLANG_ENABLE_MODULES = YES;
				CLANG_ENABLE_OBJC_ARC = YES;
				CLANG_ENABLE_OBJC_WEAK = YES;
				CLANG_WARN_BLOCK_CAPTURE_AUTORELEASING = YES;
				CLANG_WARN_BOOL_CONVERSION = YES;
				CLANG_WARN_COMMA = YES;
				CLANG_WARN_CONSTANT_CONVERSION = YES;
				CLANG_WARN_DEPRECATED_OBJC_IMPLEMENTATIONS = YES;
				CLANG_WARN_DIRECT_OBJC_ISA_USAGE = YES_ERROR;
				CLANG_WARN_DOCUMENTATION_COMMENTS = YES;
				CLANG_WARN_EMPTY_BODY = YES;
				CLANG_WARN_ENUM_CONVERSION = YES;
				CLANG_WARN_INFINITE_RECURSION = YES;
				CLANG_WARN_INT_CONVERSION = YES;
				CLANG_WARN_NON_LITERAL_NULL_CONVERSION = YES;
				CLANG_WARN_OBJC_IMPLICIT_RETAIN_SELF = YES;
				CLANG_WARN_OBJC_LITERAL_CONVERSION = YES;
				CLANG_WARN_OBJC_ROOT_CLASS = YES_ERROR;
				CLANG_WARN_QUOTED_INCLUDE_IN_FRAMEWORK_HEADER = YES;
				CLANG_WARN_RANGE_LOOP_ANALYSIS = YES;
				CLANG_WARN_STRICT_PROTOTYPES = YES;
				CLANG_WARN_SUSPICIOUS_MOVE = YES;
				CLANG_WARN_UNGUARDED_AVAILABILITY = YES_AGGRESSIVE;
				CLANG_WARN_UNREACHABLE_CODE = YES;
				CLANG_WARN__DUPLICATE_METHOD_MATCH = YES;
				COPY_PHASE_STRIP = NO;
				DEBUG_INFORMATION_FORMAT = dwarf;
				ENABLE_STRICT_OBJC_MSGSEND = YES;
				ENABLE_TESTABILITY = YES;
				GCC_C_LANGUAGE_STANDARD = gnu11;
				GCC_DYNAMIC_NO_PIC = NO;
				GCC_NO_COMMON_BLOCKS = YES;
				GCC_OPTIMIZATION_LEVEL = 0;
				GCC_PREPROCESSOR_DEFINITIONS = (
					"DEBUG=1",
					"$(inherited)",
				);
				GCC_WARN_64_TO_32_BIT_CONVERSION = YES;
				GCC_WARN_ABOUT_RETURN_TYPE = YES_ERROR;
				GCC_WARN_UNDECLARED_SELECTOR = YES;
				GCC_WARN_UNINITIALIZED_AUTOS = YES_AGGRESSIVE;
				GCC_WARN_UNUSED_FUNCTION = YES;
				GCC_WARN_UNUSED_VARIABLE = YES;
				IPHONEOS_DEPLOYMENT_TARGET = 14.4;
				MTL_ENABLE_DEBUG_INFO = INCLUDE_SOURCE;
				MTL_FAST_MATH = YES;
				ONLY_ACTIVE_ARCH = YES;
				SDKROOT = iphoneos;
				SWIFT_ACTIVE_COMPILATION_CONDITIONS = DEBUG;
				SWIFT_OPTIMIZATION_LEVEL = "-Onone";
			};
			name = Debug;
		};
		79DC452F25EE65CD007D0208 /* Release */ = {
			isa = XCBuildConfiguration;
			buildSettings = {
				ALWAYS_SEARCH_USER_PATHS = NO;
				CLANG_ANALYZER_NONNULL = YES;
				CLANG_ANALYZER_NUMBER_OBJECT_CONVERSION = YES_AGGRESSIVE;
				CLANG_CXX_LANGUAGE_STANDARD = "gnu++14";
				CLANG_CXX_LIBRARY = "libc++";
				CLANG_ENABLE_MODULES = YES;
				CLANG_ENABLE_OBJC_ARC = YES;
				CLANG_ENABLE_OBJC_WEAK = YES;
				CLANG_WARN_BLOCK_CAPTURE_AUTORELEASING = YES;
				CLANG_WARN_BOOL_CONVERSION = YES;
				CLANG_WARN_COMMA = YES;
				CLANG_WARN_CONSTANT_CONVERSION = YES;
				CLANG_WARN_DEPRECATED_OBJC_IMPLEMENTATIONS = YES;
				CLANG_WARN_DIRECT_OBJC_ISA_USAGE = YES_ERROR;
				CLANG_WARN_DOCUMENTATION_COMMENTS = YES;
				CLANG_WARN_EMPTY_BODY = YES;
				CLANG_WARN_ENUM_CONVERSION = YES;
				CLANG_WARN_INFINITE_RECURSION = YES;
				CLANG_WARN_INT_CONVERSION = YES;
				CLANG_WARN_NON_LITERAL_NULL_CONVERSION = YES;
				CLANG_WARN_OBJC_IMPLICIT_RETAIN_SELF = YES;
				CLANG_WARN_OBJC_LITERAL_CONVERSION = YES;
				CLANG_WARN_OBJC_ROOT_CLASS = YES_ERROR;
				CLANG_WARN_QUOTED_INCLUDE_IN_FRAMEWORK_HEADER = YES;
				CLANG_WARN_RANGE_LOOP_ANALYSIS = YES;
				CLANG_WARN_STRICT_PROTOTYPES = YES;
				CLANG_WARN_SUSPICIOUS_MOVE = YES;
				CLANG_WARN_UNGUARDED_AVAILABILITY = YES_AGGRESSIVE;
				CLANG_WARN_UNREACHABLE_CODE = YES;
				CLANG_WARN__DUPLICATE_METHOD_MATCH = YES;
				COPY_PHASE_STRIP = NO;
				DEBUG_INFORMATION_FORMAT = "dwarf-with-dsym";
				ENABLE_NS_ASSERTIONS = NO;
				ENABLE_STRICT_OBJC_MSGSEND = YES;
				GCC_C_LANGUAGE_STANDARD = gnu11;
				GCC_NO_COMMON_BLOCKS = YES;
				GCC_WARN_64_TO_32_BIT_CONVERSION = YES;
				GCC_WARN_ABOUT_RETURN_TYPE = YES_ERROR;
				GCC_WARN_UNDECLARED_SELECTOR = YES;
				GCC_WARN_UNINITIALIZED_AUTOS = YES_AGGRESSIVE;
				GCC_WARN_UNUSED_FUNCTION = YES;
				GCC_WARN_UNUSED_VARIABLE = YES;
				IPHONEOS_DEPLOYMENT_TARGET = 14.4;
				MTL_ENABLE_DEBUG_INFO = NO;
				MTL_FAST_MATH = YES;
				SDKROOT = iphoneos;
				SWIFT_COMPILATION_MODE = wholemodule;
				SWIFT_OPTIMIZATION_LEVEL = "-O";
				VALIDATE_PRODUCT = YES;
			};
			name = Release;
		};
		79DC453125EE65CD007D0208 /* Debug */ = {
			isa = XCBuildConfiguration;
			buildSettings = {
				ASSETCATALOG_COMPILER_APPICON_NAME = AppIcon;
				ASSETCATALOG_COMPILER_GLOBAL_ACCENT_COLOR_NAME = AccentColor;
				CODE_SIGN_STYLE = Automatic;
				DEVELOPMENT_ASSET_PATHS = "\"Quotes App/Preview Content\"";
				ENABLE_PREVIEWS = YES;
				INFOPLIST_FILE = "Quotes App/Info.plist";
				IPHONEOS_DEPLOYMENT_TARGET = 14.0;
				LD_RUNPATH_SEARCH_PATHS = (
					"$(inherited)",
					"@executable_path/Frameworks",
				);
				PRODUCT_BUNDLE_IDENTIFIER = "com.example.Quotes-App";
				PRODUCT_NAME = "$(TARGET_NAME)";
				SWIFT_VERSION = 5.0;
				TARGETED_DEVICE_FAMILY = "1,2";
			};
			name = Debug;
		};
		79DC453225EE65CD007D0208 /* Release */ = {
			isa = XCBuildConfiguration;
			buildSettings = {
				ASSETCATALOG_COMPILER_APPICON_NAME = AppIcon;
				ASSETCATALOG_COMPILER_GLOBAL_ACCENT_COLOR_NAME = AccentColor;
				CODE_SIGN_STYLE = Automatic;
				DEVELOPMENT_ASSET_PATHS = "\"Quotes App/Preview Content\"";
				ENABLE_PREVIEWS = YES;
				INFOPLIST_FILE = "Quotes App/Info.plist";
				IPHONEOS_DEPLOYMENT_TARGET = 14.0;
				LD_RUNPATH_SEARCH_PATHS = (
					"$(inherited)",
					"@executable_path/Frameworks",
				);
				PRODUCT_BUNDLE_IDENTIFIER = "com.example.Quotes-App";
				PRODUCT_NAME = "$(TARGET_NAME)";
				SWIFT_VERSION = 5.0;
				TARGETED_DEVICE_FAMILY = "1,2";
			};
			name = Release;
		};
/* End XCBuildConfiguration section */

/* Begin XCConfigurationList section */
		79DC451C25EE65CB007D0208 /* Build configuration list for PBXProject "Quotes App" */ = {
			isa = XCConfigurationList;
			buildConfigurations = (
				79DC452E25EE65CD007D0208 /* Debug */,
				79DC452F25EE65CD007D0208 /* Release */,
			);
			defaultConfigurationIsVisible = 0;
			defaultConfigurationName = Release;
		};
		79DC453025EE65CD007D0208 /* Build configuration list for PBXNativeTarget "Quotes App" */ = {
			isa = XCConfigurationList;
			buildConfigurations = (
				79DC453125EE65CD007D0208 /* Debug */,
				79DC453225EE65CD007D0208 /* Release */,
			);
			defaultConfigurationIsVisible = 0;
			defaultConfigurationName = Release;
		};
/* End XCConfigurationList section */
	};
	rootObject = 79DC451925EE65CB007D0208 /* Project object */;
}
